
Microsoft Visual Studio Solution File, Format Version 12.00
# Visual Studio 15
VisualStudioVersion = 15.0.28307.572
MinimumVisualStudioVersion = 10.0.40219.1
Project("{FAE04EC0-301F-11D3-BF4B-00C04F79EFBC}") = "Raiders", "Raiders\Raiders.csproj", "{48E3B8F4-27C8-485B-B9B9-F6FB680072A8}"
	ProjectSection(ProjectDependencies) = postProject
		{9685D468-D184-4B4E-A82D-E066FBA47F4C} = {9685D468-D184-4B4E-A82D-E066FBA47F4C}
	EndProjectSection
EndProject
Project("{9A19103F-16F7-4668-BE54-9A1E7A4F7556}") = "Nez", "packages\Nez\Nez.Portable\Nez.csproj", "{9685D468-D184-4B4E-A82D-E066FBA47F4C}"
EndProject
Global
	GlobalSection(SolutionConfigurationPlatforms) = preSolution
		Debug|Any CPU = Debug|Any CPU
		Release|Any CPU = Release|Any CPU
	EndGlobalSection
	GlobalSection(ProjectConfigurationPlatforms) = postSolution
		{48E3B8F4-27C8-485B-B9B9-F6FB680072A8}.Debug|Any CPU.ActiveCfg = Debug|Any CPU
		{48E3B8F4-27C8-485B-B9B9-F6FB680072A8}.Debug|Any CPU.Build.0 = Debug|Any CPU
		{48E3B8F4-27C8-485B-B9B9-F6FB680072A8}.Release|Any CPU.ActiveCfg = Release|Any CPU
		{48E3B8F4-27C8-485B-B9B9-F6FB680072A8}.Release|Any CPU.Build.0 = Release|Any CPU
		{9685D468-D184-4B4E-A82D-E066FBA47F4C}.Debug|Any CPU.ActiveCfg = Debug|Any CPU
		{9685D468-D184-4B4E-A82D-E066FBA47F4C}.Debug|Any CPU.Build.0 = Debug|Any CPU
		{9685D468-D184-4B4E-A82D-E066FBA47F4C}.Release|Any CPU.ActiveCfg = Release|Any CPU
		{9685D468-D184-4B4E-A82D-E066FBA47F4C}.Release|Any CPU.Build.0 = Release|Any CPU
	EndGlobalSection
	GlobalSection(SolutionProperties) = preSolution
		HideSolutionNode = FALSE
	EndGlobalSection
	GlobalSection(ExtensibilityGlobals) = postSolution
		SolutionGuid = {74E51070-BC50-4B49-89D3-B142E577523C}
	EndGlobalSection
EndGlobal
